
Microsoft Visual Studio Solution File, Format Version 12.00
Project("{FAE04EC0-301F-11D3-BF4B-00C04F79EFBC}") = "ConnectFour", "ConnectFour\ConnectFour\ConnectFour.csproj", "{C99FC043-A5A2-4720-8CCE-B2C8601377C5}"
EndProject
Project("{FAE04EC0-301F-11D3-BF4B-00C04F79EFBC}") = "ConnectFour.Client", "ConnectFour\ConnectFour.Client\ConnectFour.Client.csproj", "{B06E25D7-A681-4B48-B9DD-633E93AAD6A5}"
EndProject
Global
	GlobalSection(SolutionConfigurationPlatforms) = preSolution
		Debug|Any CPU = Debug|Any CPU
		Release|Any CPU = Release|Any CPU
	EndGlobalSection
	GlobalSection(ProjectConfigurationPlatforms) = postSolution
		{C99FC043-A5A2-4720-8CCE-B2C8601377C5}.Debug|Any CPU.ActiveCfg = Debug|Any CPU
		{C99FC043-A5A2-4720-8CCE-B2C8601377C5}.Debug|Any CPU.Build.0 = Debug|Any CPU
		{C99FC043-A5A2-4720-8CCE-B2C8601377C5}.Release|Any CPU.ActiveCfg = Release|Any CPU
		{C99FC043-A5A2-4720-8CCE-B2C8601377C5}.Release|Any CPU.Build.0 = Release|Any CPU
		{B06E25D7-A681-4B48-B9DD-633E93AAD6A5}.Debug|Any CPU.ActiveCfg = Debug|Any CPU
		{B06E25D7-A681-4B48-B9DD-633E93AAD6A5}.Debug|Any CPU.Build.0 = Debug|Any CPU
		{B06E25D7-A681-4B48-B9DD-633E93AAD6A5}.Release|Any CPU.ActiveCfg = Release|Any CPU
		{B06E25D7-A681-4B48-B9DD-633E93AAD6A5}.Release|Any CPU.Build.0 = Release|Any CPU
	EndGlobalSection
EndGlobal
